
Microsoft Visual Studio Solution File, Format Version 12.00
# Visual Studio Version 16
VisualStudioVersion = 16.0.31729.503
MinimumVisualStudioVersion = 10.0.40219.1
Project("{9A19103F-16F7-4668-BE54-9A1E7A4F7556}") = "NRInvest.Api", "NRInvest.Api\NRInvest.Api.csproj", "{832DE56F-D1E0-41C5-9F1A-064DD3770727}"
EndProject
Project("{2150E333-8FDC-42A3-9474-1A3956D46DE8}") = "1 - Presentation", "1 - Presentation", "{093E4D68-85BF-4BE7-B2BD-4180DBCD9476}"
EndProject
Project("{2150E333-8FDC-42A3-9474-1A3956D46DE8}") = "2 - Domain", "2 - Domain", "{BE11149D-1504-4400-875A-707BE557FB38}"
EndProject
Project("{9A19103F-16F7-4668-BE54-9A1E7A4F7556}") = "NRInvest.Domain", "NRInvest.Domain\NRInvest.Domain.csproj", "{F7F6BDD2-47E2-41E7-B8BD-61BC7B79AB72}"
EndProject
Project("{2150E333-8FDC-42A3-9474-1A3956D46DE8}") = "3 - Infrastructure", "3 - Infrastructure", "{2BB038A9-65A3-48DA-BDFD-90655F9F9603}"
EndProject
Project("{9A19103F-16F7-4668-BE54-9A1E7A4F7556}") = "NRInvest.Infrastructure.MongoDB", "NRInvest.Infrastructure\NRInvest.Infrastructure.MongoDB.csproj", "{45D5FC2C-FD75-4F9C-A54C-ED0E84F34D87}"
EndProject
Project("{2150E333-8FDC-42A3-9474-1A3956D46DE8}") = "4 - Test", "4 - Test", "{CECE6DDD-FEFC-425A-B52B-3B6A352007AB}"
EndProject
Project("{9A19103F-16F7-4668-BE54-9A1E7A4F7556}") = "NRInvest.Domain.Test", "NRInvest.Domain.Test\NRInvest.Domain.Test.csproj", "{FDAF1A58-14E9-46D1-8E54-E9BA121AFADE}"
EndProject
Global
	GlobalSection(SolutionConfigurationPlatforms) = preSolution
		Debug|Any CPU = Debug|Any CPU
		Release|Any CPU = Release|Any CPU
	EndGlobalSection
	GlobalSection(ProjectConfigurationPlatforms) = postSolution
		{832DE56F-D1E0-41C5-9F1A-064DD3770727}.Debug|Any CPU.ActiveCfg = Debug|Any CPU
		{832DE56F-D1E0-41C5-9F1A-064DD3770727}.Debug|Any CPU.Build.0 = Debug|Any CPU
		{832DE56F-D1E0-41C5-9F1A-064DD3770727}.Release|Any CPU.ActiveCfg = Release|Any CPU
		{832DE56F-D1E0-41C5-9F1A-064DD3770727}.Release|Any CPU.Build.0 = Release|Any CPU
		{F7F6BDD2-47E2-41E7-B8BD-61BC7B79AB72}.Debug|Any CPU.ActiveCfg = Debug|Any CPU
		{F7F6BDD2-47E2-41E7-B8BD-61BC7B79AB72}.Debug|Any CPU.Build.0 = Debug|Any CPU
		{F7F6BDD2-47E2-41E7-B8BD-61BC7B79AB72}.Release|Any CPU.ActiveCfg = Release|Any CPU
		{F7F6BDD2-47E2-41E7-B8BD-61BC7B79AB72}.Release|Any CPU.Build.0 = Release|Any CPU
		{45D5FC2C-FD75-4F9C-A54C-ED0E84F34D87}.Debug|Any CPU.ActiveCfg = Debug|Any CPU
		{45D5FC2C-FD75-4F9C-A54C-ED0E84F34D87}.Debug|Any CPU.Build.0 = Debug|Any CPU
		{45D5FC2C-FD75-4F9C-A54C-ED0E84F34D87}.Release|Any CPU.ActiveCfg = Release|Any CPU
		{45D5FC2C-FD75-4F9C-A54C-ED0E84F34D87}.Release|Any CPU.Build.0 = Release|Any CPU
		{FDAF1A58-14E9-46D1-8E54-E9BA121AFADE}.Debug|Any CPU.ActiveCfg = Debug|Any CPU
		{FDAF1A58-14E9-46D1-8E54-E9BA121AFADE}.Debug|Any CPU.Build.0 = Debug|Any CPU
		{FDAF1A58-14E9-46D1-8E54-E9BA121AFADE}.Release|Any CPU.ActiveCfg = Release|Any CPU
		{FDAF1A58-14E9-46D1-8E54-E9BA121AFADE}.Release|Any CPU.Build.0 = Release|Any CPU
	EndGlobalSection
	GlobalSection(SolutionProperties) = preSolution
		HideSolutionNode = FALSE
	EndGlobalSection
	GlobalSection(NestedProjects) = preSolution
		{832DE56F-D1E0-41C5-9F1A-064DD3770727} = {093E4D68-85BF-4BE7-B2BD-4180DBCD9476}
		{F7F6BDD2-47E2-41E7-B8BD-61BC7B79AB72} = {BE11149D-1504-4400-875A-707BE557FB38}
		{45D5FC2C-FD75-4F9C-A54C-ED0E84F34D87} = {2BB038A9-65A3-48DA-BDFD-90655F9F9603}
		{FDAF1A58-14E9-46D1-8E54-E9BA121AFADE} = {CECE6DDD-FEFC-425A-B52B-3B6A352007AB}
	EndGlobalSection
	GlobalSection(ExtensibilityGlobals) = postSolution
		SolutionGuid = {39B93534-524C-4B3E-9C2A-A894CECB9C50}
	EndGlobalSection
EndGlobal
